// !$*UTF8*$!
{
	archiveVersion = 1;
	classes = {
	};
	objectVersion = 46;
	objects = {

/* Begin PBXBuildFile section */
		CA788D811D4205C0009232C3 /* AppDelegate.swift in Sources */ = {isa = PBXBuildFile; fileRef = CA788D801D4205C0009232C3 /* AppDelegate.swift */; };
		CA788D831D4205C0009232C3 /* ViewController.swift in Sources */ = {isa = PBXBuildFile; fileRef = CA788D821D4205C0009232C3 /* ViewController.swift */; };
		CA788D861D4205C0009232C3 /* Main.storyboard in Resources */ = {isa = PBXBuildFile; fileRef = CA788D841D4205C0009232C3 /* Main.storyboard */; };
		CA788D881D4205C0009232C3 /* Assets.xcassets in Resources */ = {isa = PBXBuildFile; fileRef = CA788D871D4205C0009232C3 /* Assets.xcassets */; };
		CA788D8B1D4205C0009232C3 /* LaunchScreen.storyboard in Resources */ = {isa = PBXBuildFile; fileRef = CA788D891D4205C0009232C3 /* LaunchScreen.storyboard */; };
		CA939EDB1D48D0EE00B84CEB /* NSObject+GCD.swift in Sources */ = {isa = PBXBuildFile; fileRef = CA939ECC1D48D0EE00B84CEB /* NSObject+GCD.swift */; };
		CA939EDC1D48D0EE00B84CEB /* Array+Collections.swift in Sources */ = {isa = PBXBuildFile; fileRef = CA939ECE1D48D0EE00B84CEB /* Array+Collections.swift */; };
		CA939EDD1D48D0EE00B84CEB /* Array+Iterations.swift in Sources */ = {isa = PBXBuildFile; fileRef = CA939ECF1D48D0EE00B84CEB /* Array+Iterations.swift */; };
		CA939EDE1D48D0EE00B84CEB /* Array+Operators.swift in Sources */ = {isa = PBXBuildFile; fileRef = CA939ED01D48D0EE00B84CEB /* Array+Operators.swift */; };
		CA939EDF1D48D0EE00B84CEB /* Double+Numerics.swift in Sources */ = {isa = PBXBuildFile; fileRef = CA939ED21D48D0EE00B84CEB /* Double+Numerics.swift */; };
		CA939EE01D48D0EE00B84CEB /* Double+Time.swift in Sources */ = {isa = PBXBuildFile; fileRef = CA939ED31D48D0EE00B84CEB /* Double+Time.swift */; };
		CA939EE11D48D0EE00B84CEB /* Int+Iterations.swift in Sources */ = {isa = PBXBuildFile; fileRef = CA939ED51D48D0EE00B84CEB /* Int+Iterations.swift */; };
		CA939EE21D48D0EE00B84CEB /* Int+Numerics.swift in Sources */ = {isa = PBXBuildFile; fileRef = CA939ED61D48D0EE00B84CEB /* Int+Numerics.swift */; };
		CA939EE31D48D0EE00B84CEB /* Int+Time.swift in Sources */ = {isa = PBXBuildFile; fileRef = CA939ED71D48D0EE00B84CEB /* Int+Time.swift */; };
		CA939EE41D48D0EE00B84CEB /* String+Manipulations.swift in Sources */ = {isa = PBXBuildFile; fileRef = CA939ED91D48D0EE00B84CEB /* String+Manipulations.swift */; };
		CA939EE51D48D0EE00B84CEB /* String+Operators.swift in Sources */ = {isa = PBXBuildFile; fileRef = CA939EDA1D48D0EE00B84CEB /* String+Operators.swift */; };
		CAAAD93C1D49CD760093ABD2 /* Array+Optional.swift in Sources */ = {isa = PBXBuildFile; fileRef = CAAAD93B1D49CD760093ABD2 /* Array+Optional.swift */; };
		CAAAD93E1D49CE020093ABD2 /* Array+Equatable.swift in Sources */ = {isa = PBXBuildFile; fileRef = CAAAD93D1D49CE020093ABD2 /* Array+Equatable.swift */; };
		CAAAD9401D49CE1C0093ABD2 /* Array+Comparable.swift in Sources */ = {isa = PBXBuildFile; fileRef = CAAAD93F1D49CE1C0093ABD2 /* Array+Comparable.swift */; };
		CAAAD9421D49CE290093ABD2 /* Array+ArrayType.swift in Sources */ = {isa = PBXBuildFile; fileRef = CAAAD9411D49CE290093ABD2 /* Array+ArrayType.swift */; };
/* End PBXBuildFile section */

/* Begin PBXFileReference section */
		CA788D7D1D4205C0009232C3 /* rubified-swift.app */ = {isa = PBXFileReference; explicitFileType = wrapper.application; includeInIndex = 0; path = "rubified-swift.app"; sourceTree = BUILT_PRODUCTS_DIR; };
		CA788D801D4205C0009232C3 /* AppDelegate.swift */ = {isa = PBXFileReference; lastKnownFileType = sourcecode.swift; path = AppDelegate.swift; sourceTree = "<group>"; };
		CA788D821D4205C0009232C3 /* ViewController.swift */ = {isa = PBXFileReference; lastKnownFileType = sourcecode.swift; path = ViewController.swift; sourceTree = "<group>"; };
		CA788D851D4205C0009232C3 /* Base */ = {isa = PBXFileReference; lastKnownFileType = file.storyboard; name = Base; path = Base.lproj/Main.storyboard; sourceTree = "<group>"; };
		CA788D871D4205C0009232C3 /* Assets.xcassets */ = {isa = PBXFileReference; lastKnownFileType = folder.assetcatalog; path = Assets.xcassets; sourceTree = "<group>"; };
		CA788D8A1D4205C0009232C3 /* Base */ = {isa = PBXFileReference; lastKnownFileType = file.storyboard; name = Base; path = Base.lproj/LaunchScreen.storyboard; sourceTree = "<group>"; };
		CA788D8C1D4205C0009232C3 /* Info.plist */ = {isa = PBXFileReference; lastKnownFileType = text.plist.xml; path = Info.plist; sourceTree = "<group>"; };
		CA939ECC1D48D0EE00B84CEB /* NSObject+GCD.swift */ = {isa = PBXFileReference; fileEncoding = 4; lastKnownFileType = sourcecode.swift; path = "NSObject+GCD.swift"; sourceTree = "<group>"; };
		CA939ECE1D48D0EE00B84CEB /* Array+Collections.swift */ = {isa = PBXFileReference; fileEncoding = 4; lastKnownFileType = sourcecode.swift; path = "Array+Collections.swift"; sourceTree = "<group>"; };
		CA939ECF1D48D0EE00B84CEB /* Array+Iterations.swift */ = {isa = PBXFileReference; fileEncoding = 4; lastKnownFileType = sourcecode.swift; path = "Array+Iterations.swift"; sourceTree = "<group>"; };
		CA939ED01D48D0EE00B84CEB /* Array+Operators.swift */ = {isa = PBXFileReference; fileEncoding = 4; lastKnownFileType = sourcecode.swift; path = "Array+Operators.swift"; sourceTree = "<group>"; };
		CA939ED21D48D0EE00B84CEB /* Double+Numerics.swift */ = {isa = PBXFileReference; fileEncoding = 4; lastKnownFileType = sourcecode.swift; path = "Double+Numerics.swift"; sourceTree = "<group>"; };
		CA939ED31D48D0EE00B84CEB /* Double+Time.swift */ = {isa = PBXFileReference; fileEncoding = 4; lastKnownFileType = sourcecode.swift; path = "Double+Time.swift"; sourceTree = "<group>"; };
		CA939ED51D48D0EE00B84CEB /* Int+Iterations.swift */ = {isa = PBXFileReference; fileEncoding = 4; lastKnownFileType = sourcecode.swift; path = "Int+Iterations.swift"; sourceTree = "<group>"; };
		CA939ED61D48D0EE00B84CEB /* Int+Numerics.swift */ = {isa = PBXFileReference; fileEncoding = 4; lastKnownFileType = sourcecode.swift; path = "Int+Numerics.swift"; sourceTree = "<group>"; };
		CA939ED71D48D0EE00B84CEB /* Int+Time.swift */ = {isa = PBXFileReference; fileEncoding = 4; lastKnownFileType = sourcecode.swift; path = "Int+Time.swift"; sourceTree = "<group>"; };
		CA939ED91D48D0EE00B84CEB /* String+Manipulations.swift */ = {isa = PBXFileReference; fileEncoding = 4; lastKnownFileType = sourcecode.swift; path = "String+Manipulations.swift"; sourceTree = "<group>"; };
		CA939EDA1D48D0EE00B84CEB /* String+Operators.swift */ = {isa = PBXFileReference; fileEncoding = 4; lastKnownFileType = sourcecode.swift; path = "String+Operators.swift"; sourceTree = "<group>"; };
		CAAAD93B1D49CD760093ABD2 /* Array+Optional.swift */ = {isa = PBXFileReference; fileEncoding = 4; lastKnownFileType = sourcecode.swift; path = "Array+Optional.swift"; sourceTree = "<group>"; };
		CAAAD93D1D49CE020093ABD2 /* Array+Equatable.swift */ = {isa = PBXFileReference; fileEncoding = 4; lastKnownFileType = sourcecode.swift; path = "Array+Equatable.swift"; sourceTree = "<group>"; };
		CAAAD93F1D49CE1C0093ABD2 /* Array+Comparable.swift */ = {isa = PBXFileReference; fileEncoding = 4; lastKnownFileType = sourcecode.swift; path = "Array+Comparable.swift"; sourceTree = "<group>"; };
		CAAAD9411D49CE290093ABD2 /* Array+ArrayType.swift */ = {isa = PBXFileReference; fileEncoding = 4; lastKnownFileType = sourcecode.swift; path = "Array+ArrayType.swift"; sourceTree = "<group>"; };
/* End PBXFileReference section */

/* Begin PBXFrameworksBuildPhase section */
		CA788D7A1D4205C0009232C3 /* Frameworks */ = {
			isa = PBXFrameworksBuildPhase;
			buildActionMask = 2147483647;
			files = (
			);
			runOnlyForDeploymentPostprocessing = 0;
		};
/* End PBXFrameworksBuildPhase section */

/* Begin PBXGroup section */
		CA788D741D4205C0009232C3 = {
			isa = PBXGroup;
			children = (
				CA788D7F1D4205C0009232C3 /* rubified-swift */,
				CA788D7E1D4205C0009232C3 /* Products */,
			);
			sourceTree = "<group>";
		};
		CA788D7E1D4205C0009232C3 /* Products */ = {
			isa = PBXGroup;
			children = (
				CA788D7D1D4205C0009232C3 /* rubified-swift.app */,
			);
			name = Products;
			sourceTree = "<group>";
		};
		CA788D7F1D4205C0009232C3 /* rubified-swift */ = {
			isa = PBXGroup;
			children = (
				CA939ECA1D48D0EE00B84CEB /* source */,
				CA788D801D4205C0009232C3 /* AppDelegate.swift */,
				CA788D821D4205C0009232C3 /* ViewController.swift */,
				CA788D841D4205C0009232C3 /* Main.storyboard */,
				CA788D871D4205C0009232C3 /* Assets.xcassets */,
				CA788D891D4205C0009232C3 /* LaunchScreen.storyboard */,
				CA788D8C1D4205C0009232C3 /* Info.plist */,
			);
			path = "rubified-swift";
			sourceTree = "<group>";
		};
		CA939ECA1D48D0EE00B84CEB /* source */ = {
			isa = PBXGroup;
			children = (
				CA939ECB1D48D0EE00B84CEB /* Other */,
				CA939ECD1D48D0EE00B84CEB /* RubifiedArray */,
				CA939ED11D48D0EE00B84CEB /* RubifiedDouble */,
				CA939ED41D48D0EE00B84CEB /* RubifiedInt */,
				CA939ED81D48D0EE00B84CEB /* RubifiedString */,
			);
			name = source;
			path = ../../../source;
			sourceTree = "<group>";
		};
		CA939ECB1D48D0EE00B84CEB /* Other */ = {
			isa = PBXGroup;
			children = (
				CA939ECC1D48D0EE00B84CEB /* NSObject+GCD.swift */,
			);
			path = Other;
			sourceTree = "<group>";
		};
		CA939ECD1D48D0EE00B84CEB /* RubifiedArray */ = {
			isa = PBXGroup;
			children = (
				CAAAD9411D49CE290093ABD2 /* Array+ArrayType.swift */,
				CA939ECE1D48D0EE00B84CEB /* Array+Collections.swift */,
				CAAAD93F1D49CE1C0093ABD2 /* Array+Comparable.swift */,
				CAAAD93D1D49CE020093ABD2 /* Array+Equatable.swift */,
				CA939ECF1D48D0EE00B84CEB /* Array+Iterations.swift */,
				CA939ED01D48D0EE00B84CEB /* Array+Operators.swift */,
				CAAAD93B1D49CD760093ABD2 /* Array+Optional.swift */,
			);
			path = RubifiedArray;
			sourceTree = "<group>";
		};
		CA939ED11D48D0EE00B84CEB /* RubifiedDouble */ = {
			isa = PBXGroup;
			children = (
				CA939ED21D48D0EE00B84CEB /* Double+Numerics.swift */,
				CA939ED31D48D0EE00B84CEB /* Double+Time.swift */,
			);
			path = RubifiedDouble;
			sourceTree = "<group>";
		};
		CA939ED41D48D0EE00B84CEB /* RubifiedInt */ = {
			isa = PBXGroup;
			children = (
				CA939ED51D48D0EE00B84CEB /* Int+Iterations.swift */,
				CA939ED61D48D0EE00B84CEB /* Int+Numerics.swift */,
				CA939ED71D48D0EE00B84CEB /* Int+Time.swift */,
			);
			path = RubifiedInt;
			sourceTree = "<group>";
		};
		CA939ED81D48D0EE00B84CEB /* RubifiedString */ = {
			isa = PBXGroup;
			children = (
				CA939ED91D48D0EE00B84CEB /* String+Manipulations.swift */,
				CA939EDA1D48D0EE00B84CEB /* String+Operators.swift */,
			);
			path = RubifiedString;
			sourceTree = "<group>";
		};
/* End PBXGroup section */

/* Begin PBXNativeTarget section */
		CA788D7C1D4205C0009232C3 /* rubified-swift */ = {
			isa = PBXNativeTarget;
			buildConfigurationList = CA788D8F1D4205C0009232C3 /* Build configuration list for PBXNativeTarget "rubified-swift" */;
			buildPhases = (
				CA788D791D4205C0009232C3 /* Sources */,
				CA788D7A1D4205C0009232C3 /* Frameworks */,
				CA788D7B1D4205C0009232C3 /* Resources */,
			);
			buildRules = (
			);
			dependencies = (
			);
			name = "rubified-swift";
			productName = "rubified-swift";
			productReference = CA788D7D1D4205C0009232C3 /* rubified-swift.app */;
			productType = "com.apple.product-type.application";
		};
/* End PBXNativeTarget section */

/* Begin PBXProject section */
		CA788D751D4205C0009232C3 /* Project object */ = {
			isa = PBXProject;
			attributes = {
				LastSwiftUpdateCheck = 0730;
				LastUpgradeCheck = 0730;
				ORGANIZATIONNAME = "Thanh Nguyen";
				TargetAttributes = {
					CA788D7C1D4205C0009232C3 = {
						CreatedOnToolsVersion = 7.3.1;
					};
				};
			};
			buildConfigurationList = CA788D781D4205C0009232C3 /* Build configuration list for PBXProject "rubified-swift" */;
			compatibilityVersion = "Xcode 3.2";
			developmentRegion = English;
			hasScannedForEncodings = 0;
			knownRegions = (
				en,
				Base,
			);
			mainGroup = CA788D741D4205C0009232C3;
			productRefGroup = CA788D7E1D4205C0009232C3 /* Products */;
			projectDirPath = "";
			projectRoot = "";
			targets = (
				CA788D7C1D4205C0009232C3 /* rubified-swift */,
			);
		};
/* End PBXProject section */

/* Begin PBXResourcesBuildPhase section */
		CA788D7B1D4205C0009232C3 /* Resources */ = {
			isa = PBXResourcesBuildPhase;
			buildActionMask = 2147483647;
			files = (
				CA788D8B1D4205C0009232C3 /* LaunchScreen.storyboard in Resources */,
				CA788D881D4205C0009232C3 /* Assets.xcassets in Resources */,
				CA788D861D4205C0009232C3 /* Main.storyboard in Resources */,
			);
			runOnlyForDeploymentPostprocessing = 0;
		};
/* End PBXResourcesBuildPhase section */

/* Begin PBXSourcesBuildPhase section */
		CA788D791D4205C0009232C3 /* Sources */ = {
			isa = PBXSourcesBuildPhase;
			buildActionMask = 2147483647;
			files = (
				CA939EE51D48D0EE00B84CEB /* String+Operators.swift in Sources */,
				CAAAD9401D49CE1C0093ABD2 /* Array+Comparable.swift in Sources */,
				CA788D831D4205C0009232C3 /* ViewController.swift in Sources */,
				CA939EE01D48D0EE00B84CEB /* Double+Time.swift in Sources */,
				CAAAD93E1D49CE020093ABD2 /* Array+Equatable.swift in Sources */,
				CA939EE31D48D0EE00B84CEB /* Int+Time.swift in Sources */,
				CAAAD9421D49CE290093ABD2 /* Array+ArrayType.swift in Sources */,
				CA939EE41D48D0EE00B84CEB /* String+Manipulations.swift in Sources */,
				CA939EDD1D48D0EE00B84CEB /* Array+Iterations.swift in Sources */,
				CAAAD93C1D49CD760093ABD2 /* Array+Optional.swift in Sources */,
				CA939EDB1D48D0EE00B84CEB /* NSObject+GCD.swift in Sources */,
				CA939EDE1D48D0EE00B84CEB /* Array+Operators.swift in Sources */,
				CA788D811D4205C0009232C3 /* AppDelegate.swift in Sources */,
				CA939EDC1D48D0EE00B84CEB /* Array+Collections.swift in Sources */,
				CA939EE21D48D0EE00B84CEB /* Int+Numerics.swift in Sources */,
				CA939EE11D48D0EE00B84CEB /* Int+Iterations.swift in Sources */,
				CA939EDF1D48D0EE00B84CEB /* Double+Numerics.swift in Sources */,
			);
			runOnlyForDeploymentPostprocessing = 0;
		};
/* End PBXSourcesBuildPhase section */

/* Begin PBXVariantGroup section */
		CA788D841D4205C0009232C3 /* Main.storyboard */ = {
			isa = PBXVariantGroup;
			children = (
				CA788D851D4205C0009232C3 /* Base */,
			);
			name = Main.storyboard;
			sourceTree = "<group>";
		};
		CA788D891D4205C0009232C3 /* LaunchScreen.storyboard */ = {
			isa = PBXVariantGroup;
			children = (
				CA788D8A1D4205C0009232C3 /* Base */,
			);
			name = LaunchScreen.storyboard;
			sourceTree = "<group>";
		};
/* End PBXVariantGroup section */

/* Begin XCBuildConfiguration section */
		CA788D8D1D4205C0009232C3 /* Debug */ = {
			isa = XCBuildConfiguration;
			buildSettings = {
				ALWAYS_SEARCH_USER_PATHS = NO;
				CLANG_ANALYZER_NONNULL = YES;
				CLANG_CXX_LANGUAGE_STANDARD = "gnu++0x";
				CLANG_CXX_LIBRARY = "libc++";
				CLANG_ENABLE_MODULES = YES;
				CLANG_ENABLE_OBJC_ARC = YES;
				CLANG_WARN_BOOL_CONVERSION = YES;
				CLANG_WARN_CONSTANT_CONVERSION = YES;
				CLANG_WARN_DIRECT_OBJC_ISA_USAGE = YES_ERROR;
				CLANG_WARN_EMPTY_BODY = YES;
				CLANG_WARN_ENUM_CONVERSION = YES;
				CLANG_WARN_INT_CONVERSION = YES;
				CLANG_WARN_OBJC_ROOT_CLASS = YES_ERROR;
				CLANG_WARN_UNREACHABLE_CODE = YES;
				CLANG_WARN__DUPLICATE_METHOD_MATCH = YES;
				"CODE_SIGN_IDENTITY[sdk=iphoneos*]" = "iPhone Developer";
				COPY_PHASE_STRIP = NO;
				DEBUG_INFORMATION_FORMAT = dwarf;
				ENABLE_STRICT_OBJC_MSGSEND = YES;
				ENABLE_TESTABILITY = YES;
				GCC_C_LANGUAGE_STANDARD = gnu99;
				GCC_DYNAMIC_NO_PIC = NO;
				GCC_NO_COMMON_BLOCKS = YES;
				GCC_OPTIMIZATION_LEVEL = 0;
				GCC_PREPROCESSOR_DEFINITIONS = (
					"DEBUG=1",
					"$(inherited)",
				);
				GCC_WARN_64_TO_32_BIT_CONVERSION = YES;
				GCC_WARN_ABOUT_RETURN_TYPE = YES_ERROR;
				GCC_WARN_UNDECLARED_SELECTOR = YES;
				GCC_WARN_UNINITIALIZED_AUTOS = YES_AGGRESSIVE;
				GCC_WARN_UNUSED_FUNCTION = YES;
				GCC_WARN_UNUSED_VARIABLE = YES;
				IPHONEOS_DEPLOYMENT_TARGET = 9.3;
				MTL_ENABLE_DEBUG_INFO = YES;
				ONLY_ACTIVE_ARCH = YES;
				SDKROOT = iphoneos;
				SWIFT_OPTIMIZATION_LEVEL = "-Onone";
			};
			name = Debug;
		};
		CA788D8E1D4205C0009232C3 /* Release */ = {
			isa = XCBuildConfiguration;
			buildSettings = {
				ALWAYS_SEARCH_USER_PATHS = NO;
				CLANG_ANALYZER_NONNULL = YES;
				CLANG_CXX_LANGUAGE_STANDARD = "gnu++0x";
				CLANG_CXX_LIBRARY = "libc++";
				CLANG_ENABLE_MODULES = YES;
				CLANG_ENABLE_OBJC_ARC = YES;
				CLANG_WARN_BOOL_CONVERSION = YES;
				CLANG_WARN_CONSTANT_CONVERSION = YES;
				CLANG_WARN_DIRECT_OBJC_ISA_USAGE = YES_ERROR;
				CLANG_WARN_EMPTY_BODY = YES;
				CLANG_WARN_ENUM_CONVERSION = YES;
				CLANG_WARN_INT_CONVERSION = YES;
				CLANG_WARN_OBJC_ROOT_CLASS = YES_ERROR;
				CLANG_WARN_UNREACHABLE_CODE = YES;
				CLANG_WARN__DUPLICATE_METHOD_MATCH = YES;
				"CODE_SIGN_IDENTITY[sdk=iphoneos*]" = "iPhone Developer";
				COPY_PHASE_STRIP = NO;
				DEBUG_INFORMATION_FORMAT = "dwarf-with-dsym";
				ENABLE_NS_ASSERTIONS = NO;
				ENABLE_STRICT_OBJC_MSGSEND = YES;
				GCC_C_LANGUAGE_STANDARD = gnu99;
				GCC_NO_COMMON_BLOCKS = YES;
				GCC_WARN_64_TO_32_BIT_CONVERSION = YES;
				GCC_WARN_ABOUT_RETURN_TYPE = YES_ERROR;
				GCC_WARN_UNDECLARED_SELECTOR = YES;
				GCC_WARN_UNINITIALIZED_AUTOS = YES_AGGRESSIVE;
				GCC_WARN_UNUSED_FUNCTION = YES;
				GCC_WARN_UNUSED_VARIABLE = YES;
				IPHONEOS_DEPLOYMENT_TARGET = 9.3;
				MTL_ENABLE_DEBUG_INFO = NO;
				SDKROOT = iphoneos;
				VALIDATE_PRODUCT = YES;
			};
			name = Release;
		};
		CA788D901D4205C0009232C3 /* Debug */ = {
			isa = XCBuildConfiguration;
			buildSettings = {
				ASSETCATALOG_COMPILER_APPICON_NAME = AppIcon;
				INFOPLIST_FILE = "rubified-swift/Info.plist";
				LD_RUNPATH_SEARCH_PATHS = "$(inherited) @executable_path/Frameworks";
				PRODUCT_BUNDLE_IDENTIFIER = "dev.ethanify.me.rubified-swift";
				PRODUCT_NAME = "$(TARGET_NAME)";
			};
			name = Debug;
		};
		CA788D911D4205C0009232C3 /* Release */ = {
			isa = XCBuildConfiguration;
			buildSettings = {
				ASSETCATALOG_COMPILER_APPICON_NAME = AppIcon;
				INFOPLIST_FILE = "rubified-swift/Info.plist";
				LD_RUNPATH_SEARCH_PATHS = "$(inherited) @executable_path/Frameworks";
				PRODUCT_BUNDLE_IDENTIFIER = "dev.ethanify.me.rubified-swift";
				PRODUCT_NAME = "$(TARGET_NAME)";
			};
			name = Release;
		};
/* End XCBuildConfiguration section */

/* Begin XCConfigurationList section */
		CA788D781D4205C0009232C3 /* Build configuration list for PBXProject "rubified-swift" */ = {
			isa = XCConfigurationList;
			buildConfigurations = (
				CA788D8D1D4205C0009232C3 /* Debug */,
				CA788D8E1D4205C0009232C3 /* Release */,
			);
			defaultConfigurationIsVisible = 0;
			defaultConfigurationName = Release;
		};
		CA788D8F1D4205C0009232C3 /* Build configuration list for PBXNativeTarget "rubified-swift" */ = {
			isa = XCConfigurationList;
			buildConfigurations = (
				CA788D901D4205C0009232C3 /* Debug */,
				CA788D911D4205C0009232C3 /* Release */,
			);
			defaultConfigurationIsVisible = 0;
			defaultConfigurationName = Release;
		};
/* End XCConfigurationList section */
	};
	rootObject = CA788D751D4205C0009232C3 /* Project object */;
}
