// !$*UTF8*$!
{
	archiveVersion = 1;
	classes = {
	};
	objectVersion = 46;
	objects = {

/* Begin PBXBuildFile section */
		CA3BB5871D46177D00506422 /* Array+Operators.swift in Sources */ = {isa = PBXBuildFile; fileRef = CA3BB5861D46177D00506422 /* Array+Operators.swift */; };
		CA3BB5891D475F1A00506422 /* Double+Numerics.swift in Sources */ = {isa = PBXBuildFile; fileRef = CA3BB5881D475F1A00506422 /* Double+Numerics.swift */; };
		CA788D811D4205C0009232C3 /* AppDelegate.swift in Sources */ = {isa = PBXBuildFile; fileRef = CA788D801D4205C0009232C3 /* AppDelegate.swift */; };
		CA788D831D4205C0009232C3 /* ViewController.swift in Sources */ = {isa = PBXBuildFile; fileRef = CA788D821D4205C0009232C3 /* ViewController.swift */; };
		CA788D861D4205C0009232C3 /* Main.storyboard in Resources */ = {isa = PBXBuildFile; fileRef = CA788D841D4205C0009232C3 /* Main.storyboard */; };
		CA788D881D4205C0009232C3 /* Assets.xcassets in Resources */ = {isa = PBXBuildFile; fileRef = CA788D871D4205C0009232C3 /* Assets.xcassets */; };
		CA788D8B1D4205C0009232C3 /* LaunchScreen.storyboard in Resources */ = {isa = PBXBuildFile; fileRef = CA788D891D4205C0009232C3 /* LaunchScreen.storyboard */; };
		CA788DA61D431CA4009232C3 /* Array+Iterations.swift in Sources */ = {isa = PBXBuildFile; fileRef = CA788DA31D431CA4009232C3 /* Array+Iterations.swift */; };
		CA788DA71D431CA4009232C3 /* Int+Iterations.swift in Sources */ = {isa = PBXBuildFile; fileRef = CA788DA51D431CA4009232C3 /* Int+Iterations.swift */; };
		CA788DA91D431CB9009232C3 /* Int+Numerics.swift in Sources */ = {isa = PBXBuildFile; fileRef = CA788DA81D431CB9009232C3 /* Int+Numerics.swift */; };
		CA788DAB1D431D38009232C3 /* Int+Time.swift in Sources */ = {isa = PBXBuildFile; fileRef = CA788DAA1D431D38009232C3 /* Int+Time.swift */; };
		CA788DB11D4321EE009232C3 /* Double+Time.swift in Sources */ = {isa = PBXBuildFile; fileRef = CA788DB01D4321EE009232C3 /* Double+Time.swift */; };
		CA788DB31D43269B009232C3 /* Array+Collections.swift in Sources */ = {isa = PBXBuildFile; fileRef = CA788DB21D43269B009232C3 /* Array+Collections.swift */; };
/* End PBXBuildFile section */

/* Begin PBXFileReference section */
		CA3BB5861D46177D00506422 /* Array+Operators.swift */ = {isa = PBXFileReference; fileEncoding = 4; lastKnownFileType = sourcecode.swift; path = "Array+Operators.swift"; sourceTree = "<group>"; };
		CA3BB5881D475F1A00506422 /* Double+Numerics.swift */ = {isa = PBXFileReference; fileEncoding = 4; lastKnownFileType = sourcecode.swift; path = "Double+Numerics.swift"; sourceTree = "<group>"; };
		CA788D7D1D4205C0009232C3 /* rubified-swift.app */ = {isa = PBXFileReference; explicitFileType = wrapper.application; includeInIndex = 0; path = "rubified-swift.app"; sourceTree = BUILT_PRODUCTS_DIR; };
		CA788D801D4205C0009232C3 /* AppDelegate.swift */ = {isa = PBXFileReference; lastKnownFileType = sourcecode.swift; path = AppDelegate.swift; sourceTree = "<group>"; };
		CA788D821D4205C0009232C3 /* ViewController.swift */ = {isa = PBXFileReference; lastKnownFileType = sourcecode.swift; path = ViewController.swift; sourceTree = "<group>"; };
		CA788D851D4205C0009232C3 /* Base */ = {isa = PBXFileReference; lastKnownFileType = file.storyboard; name = Base; path = Base.lproj/Main.storyboard; sourceTree = "<group>"; };
		CA788D871D4205C0009232C3 /* Assets.xcassets */ = {isa = PBXFileReference; lastKnownFileType = folder.assetcatalog; path = Assets.xcassets; sourceTree = "<group>"; };
		CA788D8A1D4205C0009232C3 /* Base */ = {isa = PBXFileReference; lastKnownFileType = file.storyboard; name = Base; path = Base.lproj/LaunchScreen.storyboard; sourceTree = "<group>"; };
		CA788D8C1D4205C0009232C3 /* Info.plist */ = {isa = PBXFileReference; lastKnownFileType = text.plist.xml; path = Info.plist; sourceTree = "<group>"; };
		CA788DA31D431CA4009232C3 /* Array+Iterations.swift */ = {isa = PBXFileReference; fileEncoding = 4; lastKnownFileType = sourcecode.swift; path = "Array+Iterations.swift"; sourceTree = "<group>"; };
		CA788DA51D431CA4009232C3 /* Int+Iterations.swift */ = {isa = PBXFileReference; fileEncoding = 4; lastKnownFileType = sourcecode.swift; path = "Int+Iterations.swift"; sourceTree = "<group>"; };
		CA788DA81D431CB9009232C3 /* Int+Numerics.swift */ = {isa = PBXFileReference; fileEncoding = 4; lastKnownFileType = sourcecode.swift; path = "Int+Numerics.swift"; sourceTree = "<group>"; };
		CA788DAA1D431D38009232C3 /* Int+Time.swift */ = {isa = PBXFileReference; fileEncoding = 4; lastKnownFileType = sourcecode.swift; path = "Int+Time.swift"; sourceTree = "<group>"; };
		CA788DB01D4321EE009232C3 /* Double+Time.swift */ = {isa = PBXFileReference; fileEncoding = 4; lastKnownFileType = sourcecode.swift; path = "Double+Time.swift"; sourceTree = "<group>"; };
		CA788DB21D43269B009232C3 /* Array+Collections.swift */ = {isa = PBXFileReference; fileEncoding = 4; lastKnownFileType = sourcecode.swift; path = "Array+Collections.swift"; sourceTree = "<group>"; };
/* End PBXFileReference section */

/* Begin PBXFrameworksBuildPhase section */
		CA788D7A1D4205C0009232C3 /* Frameworks */ = {
			isa = PBXFrameworksBuildPhase;
			buildActionMask = 2147483647;
			files = (
			);
			runOnlyForDeploymentPostprocessing = 0;
		};
/* End PBXFrameworksBuildPhase section */

/* Begin PBXGroup section */
		CA788D741D4205C0009232C3 = {
			isa = PBXGroup;
			children = (
				CA788D7F1D4205C0009232C3 /* rubified-swift */,
				CA788D7E1D4205C0009232C3 /* Products */,
			);
			sourceTree = "<group>";
		};
		CA788D7E1D4205C0009232C3 /* Products */ = {
			isa = PBXGroup;
			children = (
				CA788D7D1D4205C0009232C3 /* rubified-swift.app */,
			);
			name = Products;
			sourceTree = "<group>";
		};
		CA788D7F1D4205C0009232C3 /* rubified-swift */ = {
			isa = PBXGroup;
			children = (
				CA788DA11D431CA4009232C3 /* lib */,
				CA788D801D4205C0009232C3 /* AppDelegate.swift */,
				CA788D821D4205C0009232C3 /* ViewController.swift */,
				CA788D841D4205C0009232C3 /* Main.storyboard */,
				CA788D871D4205C0009232C3 /* Assets.xcassets */,
				CA788D891D4205C0009232C3 /* LaunchScreen.storyboard */,
				CA788D8C1D4205C0009232C3 /* Info.plist */,
			);
			path = "rubified-swift";
			sourceTree = "<group>";
		};
		CA788DA11D431CA4009232C3 /* lib */ = {
			isa = PBXGroup;
			children = (
				CA788DA21D431CA4009232C3 /* RubifiedArray */,
				CA788DAF1D4321EE009232C3 /* RubifiedDouble */,
				CA788DA41D431CA4009232C3 /* RubifiedInt */,
			);
			name = lib;
			path = ../../../lib;
			sourceTree = "<group>";
		};
		CA788DA21D431CA4009232C3 /* RubifiedArray */ = {
			isa = PBXGroup;
			children = (
				CA788DB21D43269B009232C3 /* Array+Collections.swift */,
				CA788DA31D431CA4009232C3 /* Array+Iterations.swift */,
				CA3BB5861D46177D00506422 /* Array+Operators.swift */,
			);
			path = RubifiedArray;
			sourceTree = "<group>";
		};
		CA788DA41D431CA4009232C3 /* RubifiedInt */ = {
			isa = PBXGroup;
			children = (
				CA788DA51D431CA4009232C3 /* Int+Iterations.swift */,
				CA788DA81D431CB9009232C3 /* Int+Numerics.swift */,
				CA788DAA1D431D38009232C3 /* Int+Time.swift */,
			);
			path = RubifiedInt;
			sourceTree = "<group>";
		};
		CA788DAF1D4321EE009232C3 /* RubifiedDouble */ = {
			isa = PBXGroup;
			children = (
				CA788DB01D4321EE009232C3 /* Double+Time.swift */,
				CA3BB5881D475F1A00506422 /* Double+Numerics.swift */,
			);
			path = RubifiedDouble;
			sourceTree = "<group>";
		};
/* End PBXGroup section */

/* Begin PBXNativeTarget section */
		CA788D7C1D4205C0009232C3 /* rubified-swift */ = {
			isa = PBXNativeTarget;
			buildConfigurationList = CA788D8F1D4205C0009232C3 /* Build configuration list for PBXNativeTarget "rubified-swift" */;
			buildPhases = (
				CA788D791D4205C0009232C3 /* Sources */,
				CA788D7A1D4205C0009232C3 /* Frameworks */,
				CA788D7B1D4205C0009232C3 /* Resources */,
			);
			buildRules = (
			);
			dependencies = (
			);
			name = "rubified-swift";
			productName = "rubified-swift";
			productReference = CA788D7D1D4205C0009232C3 /* rubified-swift.app */;
			productType = "com.apple.product-type.application";
		};
/* End PBXNativeTarget section */

/* Begin PBXProject section */
		CA788D751D4205C0009232C3 /* Project object */ = {
			isa = PBXProject;
			attributes = {
				LastSwiftUpdateCheck = 0730;
				LastUpgradeCheck = 0730;
				ORGANIZATIONNAME = "Thanh Nguyen";
				TargetAttributes = {
					CA788D7C1D4205C0009232C3 = {
						CreatedOnToolsVersion = 7.3.1;
					};
				};
			};
			buildConfigurationList = CA788D781D4205C0009232C3 /* Build configuration list for PBXProject "rubified-swift" */;
			compatibilityVersion = "Xcode 3.2";
			developmentRegion = English;
			hasScannedForEncodings = 0;
			knownRegions = (
				en,
				Base,
			);
			mainGroup = CA788D741D4205C0009232C3;
			productRefGroup = CA788D7E1D4205C0009232C3 /* Products */;
			projectDirPath = "";
			projectRoot = "";
			targets = (
				CA788D7C1D4205C0009232C3 /* rubified-swift */,
			);
		};
/* End PBXProject section */

/* Begin PBXResourcesBuildPhase section */
		CA788D7B1D4205C0009232C3 /* Resources */ = {
			isa = PBXResourcesBuildPhase;
			buildActionMask = 2147483647;
			files = (
				CA788D8B1D4205C0009232C3 /* LaunchScreen.storyboard in Resources */,
				CA788D881D4205C0009232C3 /* Assets.xcassets in Resources */,
				CA788D861D4205C0009232C3 /* Main.storyboard in Resources */,
			);
			runOnlyForDeploymentPostprocessing = 0;
		};
/* End PBXResourcesBuildPhase section */

/* Begin PBXSourcesBuildPhase section */
		CA788D791D4205C0009232C3 /* Sources */ = {
			isa = PBXSourcesBuildPhase;
			buildActionMask = 2147483647;
			files = (
				CA788DAB1D431D38009232C3 /* Int+Time.swift in Sources */,
				CA3BB5871D46177D00506422 /* Array+Operators.swift in Sources */,
				CA788DB11D4321EE009232C3 /* Double+Time.swift in Sources */,
				CA788D831D4205C0009232C3 /* ViewController.swift in Sources */,
				CA788DB31D43269B009232C3 /* Array+Collections.swift in Sources */,
				CA788DA61D431CA4009232C3 /* Array+Iterations.swift in Sources */,
				CA788DA91D431CB9009232C3 /* Int+Numerics.swift in Sources */,
				CA788D811D4205C0009232C3 /* AppDelegate.swift in Sources */,
				CA3BB5891D475F1A00506422 /* Double+Numerics.swift in Sources */,
				CA788DA71D431CA4009232C3 /* Int+Iterations.swift in Sources */,
			);
			runOnlyForDeploymentPostprocessing = 0;
		};
/* End PBXSourcesBuildPhase section */

/* Begin PBXVariantGroup section */
		CA788D841D4205C0009232C3 /* Main.storyboard */ = {
			isa = PBXVariantGroup;
			children = (
				CA788D851D4205C0009232C3 /* Base */,
			);
			name = Main.storyboard;
			sourceTree = "<group>";
		};
		CA788D891D4205C0009232C3 /* LaunchScreen.storyboard */ = {
			isa = PBXVariantGroup;
			children = (
				CA788D8A1D4205C0009232C3 /* Base */,
			);
			name = LaunchScreen.storyboard;
			sourceTree = "<group>";
		};
/* End PBXVariantGroup section */

/* Begin XCBuildConfiguration section */
		CA788D8D1D4205C0009232C3 /* Debug */ = {
			isa = XCBuildConfiguration;
			buildSettings = {
				ALWAYS_SEARCH_USER_PATHS = NO;
				CLANG_ANALYZER_NONNULL = YES;
				CLANG_CXX_LANGUAGE_STANDARD = "gnu++0x";
				CLANG_CXX_LIBRARY = "libc++";
				CLANG_ENABLE_MODULES = YES;
				CLANG_ENABLE_OBJC_ARC = YES;
				CLANG_WARN_BOOL_CONVERSION = YES;
				CLANG_WARN_CONSTANT_CONVERSION = YES;
				CLANG_WARN_DIRECT_OBJC_ISA_USAGE = YES_ERROR;
				CLANG_WARN_EMPTY_BODY = YES;
				CLANG_WARN_ENUM_CONVERSION = YES;
				CLANG_WARN_INT_CONVERSION = YES;
				CLANG_WARN_OBJC_ROOT_CLASS = YES_ERROR;
				CLANG_WARN_UNREACHABLE_CODE = YES;
				CLANG_WARN__DUPLICATE_METHOD_MATCH = YES;
				"CODE_SIGN_IDENTITY[sdk=iphoneos*]" = "iPhone Developer";
				COPY_PHASE_STRIP = NO;
				DEBUG_INFORMATION_FORMAT = dwarf;
				ENABLE_STRICT_OBJC_MSGSEND = YES;
				ENABLE_TESTABILITY = YES;
				GCC_C_LANGUAGE_STANDARD = gnu99;
				GCC_DYNAMIC_NO_PIC = NO;
				GCC_NO_COMMON_BLOCKS = YES;
				GCC_OPTIMIZATION_LEVEL = 0;
				GCC_PREPROCESSOR_DEFINITIONS = (
					"DEBUG=1",
					"$(inherited)",
				);
				GCC_WARN_64_TO_32_BIT_CONVERSION = YES;
				GCC_WARN_ABOUT_RETURN_TYPE = YES_ERROR;
				GCC_WARN_UNDECLARED_SELECTOR = YES;
				GCC_WARN_UNINITIALIZED_AUTOS = YES_AGGRESSIVE;
				GCC_WARN_UNUSED_FUNCTION = YES;
				GCC_WARN_UNUSED_VARIABLE = YES;
				IPHONEOS_DEPLOYMENT_TARGET = 9.3;
				MTL_ENABLE_DEBUG_INFO = YES;
				ONLY_ACTIVE_ARCH = YES;
				SDKROOT = iphoneos;
				SWIFT_OPTIMIZATION_LEVEL = "-Onone";
			};
			name = Debug;
		};
		CA788D8E1D4205C0009232C3 /* Release */ = {
			isa = XCBuildConfiguration;
			buildSettings = {
				ALWAYS_SEARCH_USER_PATHS = NO;
				CLANG_ANALYZER_NONNULL = YES;
				CLANG_CXX_LANGUAGE_STANDARD = "gnu++0x";
				CLANG_CXX_LIBRARY = "libc++";
				CLANG_ENABLE_MODULES = YES;
				CLANG_ENABLE_OBJC_ARC = YES;
				CLANG_WARN_BOOL_CONVERSION = YES;
				CLANG_WARN_CONSTANT_CONVERSION = YES;
				CLANG_WARN_DIRECT_OBJC_ISA_USAGE = YES_ERROR;
				CLANG_WARN_EMPTY_BODY = YES;
				CLANG_WARN_ENUM_CONVERSION = YES;
				CLANG_WARN_INT_CONVERSION = YES;
				CLANG_WARN_OBJC_ROOT_CLASS = YES_ERROR;
				CLANG_WARN_UNREACHABLE_CODE = YES;
				CLANG_WARN__DUPLICATE_METHOD_MATCH = YES;
				"CODE_SIGN_IDENTITY[sdk=iphoneos*]" = "iPhone Developer";
				COPY_PHASE_STRIP = NO;
				DEBUG_INFORMATION_FORMAT = "dwarf-with-dsym";
				ENABLE_NS_ASSERTIONS = NO;
				ENABLE_STRICT_OBJC_MSGSEND = YES;
				GCC_C_LANGUAGE_STANDARD = gnu99;
				GCC_NO_COMMON_BLOCKS = YES;
				GCC_WARN_64_TO_32_BIT_CONVERSION = YES;
				GCC_WARN_ABOUT_RETURN_TYPE = YES_ERROR;
				GCC_WARN_UNDECLARED_SELECTOR = YES;
				GCC_WARN_UNINITIALIZED_AUTOS = YES_AGGRESSIVE;
				GCC_WARN_UNUSED_FUNCTION = YES;
				GCC_WARN_UNUSED_VARIABLE = YES;
				IPHONEOS_DEPLOYMENT_TARGET = 9.3;
				MTL_ENABLE_DEBUG_INFO = NO;
				SDKROOT = iphoneos;
				VALIDATE_PRODUCT = YES;
			};
			name = Release;
		};
		CA788D901D4205C0009232C3 /* Debug */ = {
			isa = XCBuildConfiguration;
			buildSettings = {
				ASSETCATALOG_COMPILER_APPICON_NAME = AppIcon;
				INFOPLIST_FILE = "rubified-swift/Info.plist";
				LD_RUNPATH_SEARCH_PATHS = "$(inherited) @executable_path/Frameworks";
				PRODUCT_BUNDLE_IDENTIFIER = "dev.ethanify.me.rubified-swift";
				PRODUCT_NAME = "$(TARGET_NAME)";
			};
			name = Debug;
		};
		CA788D911D4205C0009232C3 /* Release */ = {
			isa = XCBuildConfiguration;
			buildSettings = {
				ASSETCATALOG_COMPILER_APPICON_NAME = AppIcon;
				INFOPLIST_FILE = "rubified-swift/Info.plist";
				LD_RUNPATH_SEARCH_PATHS = "$(inherited) @executable_path/Frameworks";
				PRODUCT_BUNDLE_IDENTIFIER = "dev.ethanify.me.rubified-swift";
				PRODUCT_NAME = "$(TARGET_NAME)";
			};
			name = Release;
		};
/* End XCBuildConfiguration section */

/* Begin XCConfigurationList section */
		CA788D781D4205C0009232C3 /* Build configuration list for PBXProject "rubified-swift" */ = {
			isa = XCConfigurationList;
			buildConfigurations = (
				CA788D8D1D4205C0009232C3 /* Debug */,
				CA788D8E1D4205C0009232C3 /* Release */,
			);
			defaultConfigurationIsVisible = 0;
			defaultConfigurationName = Release;
		};
		CA788D8F1D4205C0009232C3 /* Build configuration list for PBXNativeTarget "rubified-swift" */ = {
			isa = XCConfigurationList;
			buildConfigurations = (
				CA788D901D4205C0009232C3 /* Debug */,
				CA788D911D4205C0009232C3 /* Release */,
			);
			defaultConfigurationIsVisible = 0;
			defaultConfigurationName = Release;
		};
/* End XCConfigurationList section */
	};
	rootObject = CA788D751D4205C0009232C3 /* Project object */;
}
