// !$*UTF8*$!
{
	archiveVersion = 1;
	classes = {
	};
	objectVersion = 46;
	objects = {

/* Begin PBXBuildFile section */
		09D0EBB40A6D1B2347F5DCDC /* Pods_rubified_swift.framework in Frameworks */ = {isa = PBXBuildFile; fileRef = 313DD7E032FF904339ECF324 /* Pods_rubified_swift.framework */; };
		CA788D811D4205C0009232C3 /* AppDelegate.swift in Sources */ = {isa = PBXBuildFile; fileRef = CA788D801D4205C0009232C3 /* AppDelegate.swift */; };
		CA788D831D4205C0009232C3 /* ViewController.swift in Sources */ = {isa = PBXBuildFile; fileRef = CA788D821D4205C0009232C3 /* ViewController.swift */; };
		CA788D861D4205C0009232C3 /* Main.storyboard in Resources */ = {isa = PBXBuildFile; fileRef = CA788D841D4205C0009232C3 /* Main.storyboard */; };
		CA788D881D4205C0009232C3 /* Assets.xcassets in Resources */ = {isa = PBXBuildFile; fileRef = CA788D871D4205C0009232C3 /* Assets.xcassets */; };
		CA788D8B1D4205C0009232C3 /* LaunchScreen.storyboard in Resources */ = {isa = PBXBuildFile; fileRef = CA788D891D4205C0009232C3 /* LaunchScreen.storyboard */; };
/* End PBXBuildFile section */

/* Begin PBXFileReference section */
		313DD7E032FF904339ECF324 /* Pods_rubified_swift.framework */ = {isa = PBXFileReference; explicitFileType = wrapper.framework; includeInIndex = 0; path = Pods_rubified_swift.framework; sourceTree = BUILT_PRODUCTS_DIR; };
		683DCAC6A56B5CA15AB38D2E /* Pods-rubified-swift.debug.xcconfig */ = {isa = PBXFileReference; includeInIndex = 1; lastKnownFileType = text.xcconfig; name = "Pods-rubified-swift.debug.xcconfig"; path = "Pods/Target Support Files/Pods-rubified-swift/Pods-rubified-swift.debug.xcconfig"; sourceTree = "<group>"; };
		A2B0E40CE314E35E7FF83CDE /* Pods-rubified-swift.release.xcconfig */ = {isa = PBXFileReference; includeInIndex = 1; lastKnownFileType = text.xcconfig; name = "Pods-rubified-swift.release.xcconfig"; path = "Pods/Target Support Files/Pods-rubified-swift/Pods-rubified-swift.release.xcconfig"; sourceTree = "<group>"; };
		CA788D7D1D4205C0009232C3 /* rubified-swift.app */ = {isa = PBXFileReference; explicitFileType = wrapper.application; includeInIndex = 0; path = "rubified-swift.app"; sourceTree = BUILT_PRODUCTS_DIR; };
		CA788D801D4205C0009232C3 /* AppDelegate.swift */ = {isa = PBXFileReference; lastKnownFileType = sourcecode.swift; path = AppDelegate.swift; sourceTree = "<group>"; };
		CA788D821D4205C0009232C3 /* ViewController.swift */ = {isa = PBXFileReference; lastKnownFileType = sourcecode.swift; path = ViewController.swift; sourceTree = "<group>"; };
		CA788D851D4205C0009232C3 /* Base */ = {isa = PBXFileReference; lastKnownFileType = file.storyboard; name = Base; path = Base.lproj/Main.storyboard; sourceTree = "<group>"; };
		CA788D871D4205C0009232C3 /* Assets.xcassets */ = {isa = PBXFileReference; lastKnownFileType = folder.assetcatalog; path = Assets.xcassets; sourceTree = "<group>"; };
		CA788D8A1D4205C0009232C3 /* Base */ = {isa = PBXFileReference; lastKnownFileType = file.storyboard; name = Base; path = Base.lproj/LaunchScreen.storyboard; sourceTree = "<group>"; };
		CA788D8C1D4205C0009232C3 /* Info.plist */ = {isa = PBXFileReference; lastKnownFileType = text.plist.xml; path = Info.plist; sourceTree = "<group>"; };
/* End PBXFileReference section */

/* Begin PBXFrameworksBuildPhase section */
		CA788D7A1D4205C0009232C3 /* Frameworks */ = {
			isa = PBXFrameworksBuildPhase;
			buildActionMask = 2147483647;
			files = (
				09D0EBB40A6D1B2347F5DCDC /* Pods_rubified_swift.framework in Frameworks */,
			);
			runOnlyForDeploymentPostprocessing = 0;
		};
/* End PBXFrameworksBuildPhase section */

/* Begin PBXGroup section */
		6FD079542B3C3B6F9FA2DEEC /* Pods */ = {
			isa = PBXGroup;
			children = (
				683DCAC6A56B5CA15AB38D2E /* Pods-rubified-swift.debug.xcconfig */,
				A2B0E40CE314E35E7FF83CDE /* Pods-rubified-swift.release.xcconfig */,
			);
			name = Pods;
			sourceTree = "<group>";
		};
		90C9E24ED64604B1892C6A9B /* Frameworks */ = {
			isa = PBXGroup;
			children = (
				313DD7E032FF904339ECF324 /* Pods_rubified_swift.framework */,
			);
			name = Frameworks;
			sourceTree = "<group>";
		};
		CA788D741D4205C0009232C3 = {
			isa = PBXGroup;
			children = (
				CA788D7F1D4205C0009232C3 /* rubified-swift */,
				CA788D7E1D4205C0009232C3 /* Products */,
				6FD079542B3C3B6F9FA2DEEC /* Pods */,
				90C9E24ED64604B1892C6A9B /* Frameworks */,
			);
			sourceTree = "<group>";
		};
		CA788D7E1D4205C0009232C3 /* Products */ = {
			isa = PBXGroup;
			children = (
				CA788D7D1D4205C0009232C3 /* rubified-swift.app */,
			);
			name = Products;
			sourceTree = "<group>";
		};
		CA788D7F1D4205C0009232C3 /* rubified-swift */ = {
			isa = PBXGroup;
			children = (
				CA788D801D4205C0009232C3 /* AppDelegate.swift */,
				CA788D821D4205C0009232C3 /* ViewController.swift */,
				CA788D841D4205C0009232C3 /* Main.storyboard */,
				CA788D871D4205C0009232C3 /* Assets.xcassets */,
				CA788D891D4205C0009232C3 /* LaunchScreen.storyboard */,
				CA788D8C1D4205C0009232C3 /* Info.plist */,
			);
			path = "rubified-swift";
			sourceTree = "<group>";
		};
/* End PBXGroup section */

/* Begin PBXNativeTarget section */
		CA788D7C1D4205C0009232C3 /* rubified-swift */ = {
			isa = PBXNativeTarget;
			buildConfigurationList = CA788D8F1D4205C0009232C3 /* Build configuration list for PBXNativeTarget "rubified-swift" */;
			buildPhases = (
				B41E860BD6C26C7637444896 /* [CP] Check Pods Manifest.lock */,
				CA788D791D4205C0009232C3 /* Sources */,
				CA788D7A1D4205C0009232C3 /* Frameworks */,
				CA788D7B1D4205C0009232C3 /* Resources */,
				804A3B72E14480CAC02EF247 /* [CP] Embed Pods Frameworks */,
				0C6728E264674552C6552FCE /* [CP] Copy Pods Resources */,
			);
			buildRules = (
			);
			dependencies = (
			);
			name = "rubified-swift";
			productName = "rubified-swift";
			productReference = CA788D7D1D4205C0009232C3 /* rubified-swift.app */;
			productType = "com.apple.product-type.application";
		};
/* End PBXNativeTarget section */

/* Begin PBXProject section */
		CA788D751D4205C0009232C3 /* Project object */ = {
			isa = PBXProject;
			attributes = {
				LastSwiftUpdateCheck = 0730;
				LastUpgradeCheck = 0730;
				ORGANIZATIONNAME = "Thanh Nguyen";
				TargetAttributes = {
					CA788D7C1D4205C0009232C3 = {
						CreatedOnToolsVersion = 7.3.1;
					};
				};
			};
			buildConfigurationList = CA788D781D4205C0009232C3 /* Build configuration list for PBXProject "rubified-swift" */;
			compatibilityVersion = "Xcode 3.2";
			developmentRegion = English;
			hasScannedForEncodings = 0;
			knownRegions = (
				en,
				Base,
			);
			mainGroup = CA788D741D4205C0009232C3;
			productRefGroup = CA788D7E1D4205C0009232C3 /* Products */;
			projectDirPath = "";
			projectRoot = "";
			targets = (
				CA788D7C1D4205C0009232C3 /* rubified-swift */,
			);
		};
/* End PBXProject section */

/* Begin PBXResourcesBuildPhase section */
		CA788D7B1D4205C0009232C3 /* Resources */ = {
			isa = PBXResourcesBuildPhase;
			buildActionMask = 2147483647;
			files = (
				CA788D8B1D4205C0009232C3 /* LaunchScreen.storyboard in Resources */,
				CA788D881D4205C0009232C3 /* Assets.xcassets in Resources */,
				CA788D861D4205C0009232C3 /* Main.storyboard in Resources */,
			);
			runOnlyForDeploymentPostprocessing = 0;
		};
/* End PBXResourcesBuildPhase section */

/* Begin PBXShellScriptBuildPhase section */
		0C6728E264674552C6552FCE /* [CP] Copy Pods Resources */ = {
			isa = PBXShellScriptBuildPhase;
			buildActionMask = 2147483647;
			files = (
			);
			inputPaths = (
			);
			name = "[CP] Copy Pods Resources";
			outputPaths = (
			);
			runOnlyForDeploymentPostprocessing = 0;
			shellPath = /bin/sh;
			shellScript = "\"${SRCROOT}/Pods/Target Support Files/Pods-rubified-swift/Pods-rubified-swift-resources.sh\"\n";
			showEnvVarsInLog = 0;
		};
		804A3B72E14480CAC02EF247 /* [CP] Embed Pods Frameworks */ = {
			isa = PBXShellScriptBuildPhase;
			buildActionMask = 2147483647;
			files = (
			);
			inputPaths = (
			);
			name = "[CP] Embed Pods Frameworks";
			outputPaths = (
			);
			runOnlyForDeploymentPostprocessing = 0;
			shellPath = /bin/sh;
			shellScript = "\"${SRCROOT}/Pods/Target Support Files/Pods-rubified-swift/Pods-rubified-swift-frameworks.sh\"\n";
			showEnvVarsInLog = 0;
		};
		B41E860BD6C26C7637444896 /* [CP] Check Pods Manifest.lock */ = {
			isa = PBXShellScriptBuildPhase;
			buildActionMask = 2147483647;
			files = (
			);
			inputPaths = (
			);
			name = "[CP] Check Pods Manifest.lock";
			outputPaths = (
			);
			runOnlyForDeploymentPostprocessing = 0;
			shellPath = /bin/sh;
			shellScript = "diff \"${PODS_ROOT}/../Podfile.lock\" \"${PODS_ROOT}/Manifest.lock\" > /dev/null\nif [[ $? != 0 ]] ; then\n    cat << EOM\nerror: The sandbox is not in sync with the Podfile.lock. Run 'pod install' or update your CocoaPods installation.\nEOM\n    exit 1\nfi\n";
			showEnvVarsInLog = 0;
		};
/* End PBXShellScriptBuildPhase section */

/* Begin PBXSourcesBuildPhase section */
		CA788D791D4205C0009232C3 /* Sources */ = {
			isa = PBXSourcesBuildPhase;
			buildActionMask = 2147483647;
			files = (
				CA788D831D4205C0009232C3 /* ViewController.swift in Sources */,
				CA788D811D4205C0009232C3 /* AppDelegate.swift in Sources */,
			);
			runOnlyForDeploymentPostprocessing = 0;
		};
/* End PBXSourcesBuildPhase section */

/* Begin PBXVariantGroup section */
		CA788D841D4205C0009232C3 /* Main.storyboard */ = {
			isa = PBXVariantGroup;
			children = (
				CA788D851D4205C0009232C3 /* Base */,
			);
			name = Main.storyboard;
			sourceTree = "<group>";
		};
		CA788D891D4205C0009232C3 /* LaunchScreen.storyboard */ = {
			isa = PBXVariantGroup;
			children = (
				CA788D8A1D4205C0009232C3 /* Base */,
			);
			name = LaunchScreen.storyboard;
			sourceTree = "<group>";
		};
/* End PBXVariantGroup section */

/* Begin XCBuildConfiguration section */
		CA788D8D1D4205C0009232C3 /* Debug */ = {
			isa = XCBuildConfiguration;
			buildSettings = {
				ALWAYS_SEARCH_USER_PATHS = NO;
				CLANG_ANALYZER_NONNULL = YES;
				CLANG_CXX_LANGUAGE_STANDARD = "gnu++0x";
				CLANG_CXX_LIBRARY = "libc++";
				CLANG_ENABLE_MODULES = YES;
				CLANG_ENABLE_OBJC_ARC = YES;
				CLANG_WARN_BOOL_CONVERSION = YES;
				CLANG_WARN_CONSTANT_CONVERSION = YES;
				CLANG_WARN_DIRECT_OBJC_ISA_USAGE = YES_ERROR;
				CLANG_WARN_EMPTY_BODY = YES;
				CLANG_WARN_ENUM_CONVERSION = YES;
				CLANG_WARN_INT_CONVERSION = YES;
				CLANG_WARN_OBJC_ROOT_CLASS = YES_ERROR;
				CLANG_WARN_UNREACHABLE_CODE = YES;
				CLANG_WARN__DUPLICATE_METHOD_MATCH = YES;
				"CODE_SIGN_IDENTITY[sdk=iphoneos*]" = "iPhone Developer";
				COPY_PHASE_STRIP = NO;
				DEBUG_INFORMATION_FORMAT = dwarf;
				ENABLE_STRICT_OBJC_MSGSEND = YES;
				ENABLE_TESTABILITY = YES;
				GCC_C_LANGUAGE_STANDARD = gnu99;
				GCC_DYNAMIC_NO_PIC = NO;
				GCC_NO_COMMON_BLOCKS = YES;
				GCC_OPTIMIZATION_LEVEL = 0;
				GCC_PREPROCESSOR_DEFINITIONS = (
					"DEBUG=1",
					"$(inherited)",
				);
				GCC_WARN_64_TO_32_BIT_CONVERSION = YES;
				GCC_WARN_ABOUT_RETURN_TYPE = YES_ERROR;
				GCC_WARN_UNDECLARED_SELECTOR = YES;
				GCC_WARN_UNINITIALIZED_AUTOS = YES_AGGRESSIVE;
				GCC_WARN_UNUSED_FUNCTION = YES;
				GCC_WARN_UNUSED_VARIABLE = YES;
				IPHONEOS_DEPLOYMENT_TARGET = 9.3;
				MTL_ENABLE_DEBUG_INFO = YES;
				ONLY_ACTIVE_ARCH = YES;
				SDKROOT = iphoneos;
				SWIFT_OPTIMIZATION_LEVEL = "-Onone";
			};
			name = Debug;
		};
		CA788D8E1D4205C0009232C3 /* Release */ = {
			isa = XCBuildConfiguration;
			buildSettings = {
				ALWAYS_SEARCH_USER_PATHS = NO;
				CLANG_ANALYZER_NONNULL = YES;
				CLANG_CXX_LANGUAGE_STANDARD = "gnu++0x";
				CLANG_CXX_LIBRARY = "libc++";
				CLANG_ENABLE_MODULES = YES;
				CLANG_ENABLE_OBJC_ARC = YES;
				CLANG_WARN_BOOL_CONVERSION = YES;
				CLANG_WARN_CONSTANT_CONVERSION = YES;
				CLANG_WARN_DIRECT_OBJC_ISA_USAGE = YES_ERROR;
				CLANG_WARN_EMPTY_BODY = YES;
				CLANG_WARN_ENUM_CONVERSION = YES;
				CLANG_WARN_INT_CONVERSION = YES;
				CLANG_WARN_OBJC_ROOT_CLASS = YES_ERROR;
				CLANG_WARN_UNREACHABLE_CODE = YES;
				CLANG_WARN__DUPLICATE_METHOD_MATCH = YES;
				"CODE_SIGN_IDENTITY[sdk=iphoneos*]" = "iPhone Developer";
				COPY_PHASE_STRIP = NO;
				DEBUG_INFORMATION_FORMAT = "dwarf-with-dsym";
				ENABLE_NS_ASSERTIONS = NO;
				ENABLE_STRICT_OBJC_MSGSEND = YES;
				GCC_C_LANGUAGE_STANDARD = gnu99;
				GCC_NO_COMMON_BLOCKS = YES;
				GCC_WARN_64_TO_32_BIT_CONVERSION = YES;
				GCC_WARN_ABOUT_RETURN_TYPE = YES_ERROR;
				GCC_WARN_UNDECLARED_SELECTOR = YES;
				GCC_WARN_UNINITIALIZED_AUTOS = YES_AGGRESSIVE;
				GCC_WARN_UNUSED_FUNCTION = YES;
				GCC_WARN_UNUSED_VARIABLE = YES;
				IPHONEOS_DEPLOYMENT_TARGET = 9.3;
				MTL_ENABLE_DEBUG_INFO = NO;
				SDKROOT = iphoneos;
				VALIDATE_PRODUCT = YES;
			};
			name = Release;
		};
		CA788D901D4205C0009232C3 /* Debug */ = {
			isa = XCBuildConfiguration;
			baseConfigurationReference = 683DCAC6A56B5CA15AB38D2E /* Pods-rubified-swift.debug.xcconfig */;
			buildSettings = {
				ASSETCATALOG_COMPILER_APPICON_NAME = AppIcon;
				INFOPLIST_FILE = "rubified-swift/Info.plist";
				LD_RUNPATH_SEARCH_PATHS = "$(inherited) @executable_path/Frameworks";
				PRODUCT_BUNDLE_IDENTIFIER = "dev.ethanify.me.rubified-swift";
				PRODUCT_NAME = "$(TARGET_NAME)";
			};
			name = Debug;
		};
		CA788D911D4205C0009232C3 /* Release */ = {
			isa = XCBuildConfiguration;
			baseConfigurationReference = A2B0E40CE314E35E7FF83CDE /* Pods-rubified-swift.release.xcconfig */;
			buildSettings = {
				ASSETCATALOG_COMPILER_APPICON_NAME = AppIcon;
				INFOPLIST_FILE = "rubified-swift/Info.plist";
				LD_RUNPATH_SEARCH_PATHS = "$(inherited) @executable_path/Frameworks";
				PRODUCT_BUNDLE_IDENTIFIER = "dev.ethanify.me.rubified-swift";
				PRODUCT_NAME = "$(TARGET_NAME)";
			};
			name = Release;
		};
/* End XCBuildConfiguration section */

/* Begin XCConfigurationList section */
		CA788D781D4205C0009232C3 /* Build configuration list for PBXProject "rubified-swift" */ = {
			isa = XCConfigurationList;
			buildConfigurations = (
				CA788D8D1D4205C0009232C3 /* Debug */,
				CA788D8E1D4205C0009232C3 /* Release */,
			);
			defaultConfigurationIsVisible = 0;
			defaultConfigurationName = Release;
		};
		CA788D8F1D4205C0009232C3 /* Build configuration list for PBXNativeTarget "rubified-swift" */ = {
			isa = XCConfigurationList;
			buildConfigurations = (
				CA788D901D4205C0009232C3 /* Debug */,
				CA788D911D4205C0009232C3 /* Release */,
			);
			defaultConfigurationIsVisible = 0;
			defaultConfigurationName = Release;
		};
/* End XCConfigurationList section */
	};
	rootObject = CA788D751D4205C0009232C3 /* Project object */;
}
